
Microsoft Visual Studio Solution File, Format Version 12.00
# Visual Studio Version 16
VisualStudioVersion = 16.0.31613.86
MinimumVisualStudioVersion = 10.0.40219.1
Project("{FAE04EC0-301F-11D3-BF4B-00C04F79EFBC}") = "MOVIEAPP", "MOVIEAPP\MOVIEAPP.csproj", "{317BA818-C87B-44EA-9FFA-E1C0BF28EC34}"
EndProject
Global
	GlobalSection(SolutionConfigurationPlatforms) = preSolution
		Debug|Any CPU = Debug|Any CPU
		Release|Any CPU = Release|Any CPU
	EndGlobalSection
	GlobalSection(ProjectConfigurationPlatforms) = postSolution
		{317BA818-C87B-44EA-9FFA-E1C0BF28EC34}.Debug|Any CPU.ActiveCfg = Debug|Any CPU
		{317BA818-C87B-44EA-9FFA-E1C0BF28EC34}.Debug|Any CPU.Build.0 = Debug|Any CPU
		{317BA818-C87B-44EA-9FFA-E1C0BF28EC34}.Release|Any CPU.ActiveCfg = Release|Any CPU
		{317BA818-C87B-44EA-9FFA-E1C0BF28EC34}.Release|Any CPU.Build.0 = Release|Any CPU
	EndGlobalSection
	GlobalSection(SolutionProperties) = preSolution
		HideSolutionNode = FALSE
	EndGlobalSection
	GlobalSection(ExtensibilityGlobals) = postSolution
		SolutionGuid = {68F0F353-AEF9-4C27-A4FA-63F6E575765A}
	EndGlobalSection
EndGlobal
